// !$*UTF8*$!
{
	archiveVersion = 1;
	classes = {
	};
	objectVersion = 46;
	objects = {

/* Begin PBXBuildFile section */
		ABE97FFF1D5CDDBC00AE707D /* PerformanceTests.h in Headers */ = {isa = PBXBuildFile; fileRef = ABE97FFE1D5CDDBC00AE707D /* PerformanceTests.h */; settings = {ATTRIBUTES = (Public, ); }; };
		ABE980061D5CDDBC00AE707D /* PerformanceTests.framework in Frameworks */ = {isa = PBXBuildFile; fileRef = ABE97FFB1D5CDDBC00AE707D /* PerformanceTests.framework */; };
		ABE9800B1D5CDDBC00AE707D /* Tests.swift in Sources */ = {isa = PBXBuildFile; fileRef = ABE9800A1D5CDDBC00AE707D /* Tests.swift */; };
		ABE980161D5CDDF500AE707D /* LinearTimeStringBuilder.swift in Sources */ = {isa = PBXBuildFile; fileRef = ABE980151D5CDDF500AE707D /* LinearTimeStringBuilder.swift */; };
		ABF2811A1D5DDCE500E8F6DA /* NLogNTimeStringBuilder.swift in Sources */ = {isa = PBXBuildFile; fileRef = ABF281191D5DDCE500E8F6DA /* NLogNTimeStringBuilder.swift */; };
/* End PBXBuildFile section */

/* Begin PBXContainerItemProxy section */
		ABE980071D5CDDBC00AE707D /* PBXContainerItemProxy */ = {
			isa = PBXContainerItemProxy;
			containerPortal = ABE97FF21D5CDDBC00AE707D /* Project object */;
			proxyType = 1;
			remoteGlobalIDString = ABE97FFA1D5CDDBC00AE707D;
			remoteInfo = PerformanceTests;
		};
/* End PBXContainerItemProxy section */

/* Begin PBXFileReference section */
		ABE97FFB1D5CDDBC00AE707D /* PerformanceTests.framework */ = {isa = PBXFileReference; explicitFileType = wrapper.framework; includeInIndex = 0; path = PerformanceTests.framework; sourceTree = BUILT_PRODUCTS_DIR; };
		ABE97FFE1D5CDDBC00AE707D /* PerformanceTests.h */ = {isa = PBXFileReference; lastKnownFileType = sourcecode.c.h; path = PerformanceTests.h; sourceTree = "<group>"; };
		ABE980001D5CDDBC00AE707D /* Info.plist */ = {isa = PBXFileReference; lastKnownFileType = text.plist.xml; path = Info.plist; sourceTree = "<group>"; };
		ABE980051D5CDDBC00AE707D /* PerformanceTestsTests.xctest */ = {isa = PBXFileReference; explicitFileType = wrapper.cfbundle; includeInIndex = 0; path = PerformanceTestsTests.xctest; sourceTree = BUILT_PRODUCTS_DIR; };
		ABE9800A1D5CDDBC00AE707D /* Tests.swift */ = {isa = PBXFileReference; lastKnownFileType = sourcecode.swift; path = Tests.swift; sourceTree = "<group>"; };
		ABE9800C1D5CDDBC00AE707D /* Info.plist */ = {isa = PBXFileReference; lastKnownFileType = text.plist.xml; path = Info.plist; sourceTree = "<group>"; };
		ABE980151D5CDDF500AE707D /* LinearTimeStringBuilder.swift */ = {isa = PBXFileReference; fileEncoding = 4; lastKnownFileType = sourcecode.swift; path = LinearTimeStringBuilder.swift; sourceTree = "<group>"; };
		ABF281191D5DDCE500E8F6DA /* NLogNTimeStringBuilder.swift */ = {isa = PBXFileReference; fileEncoding = 4; lastKnownFileType = sourcecode.swift; path = NLogNTimeStringBuilder.swift; sourceTree = "<group>"; };
/* End PBXFileReference section */

/* Begin PBXFrameworksBuildPhase section */
		ABE97FF71D5CDDBC00AE707D /* Frameworks */ = {
			isa = PBXFrameworksBuildPhase;
			buildActionMask = 2147483647;
			files = (
			);
			runOnlyForDeploymentPostprocessing = 0;
		};
		ABE980021D5CDDBC00AE707D /* Frameworks */ = {
			isa = PBXFrameworksBuildPhase;
			buildActionMask = 2147483647;
			files = (
				ABE980061D5CDDBC00AE707D /* PerformanceTests.framework in Frameworks */,
			);
			runOnlyForDeploymentPostprocessing = 0;
		};
/* End PBXFrameworksBuildPhase section */

/* Begin PBXGroup section */
		ABE97FF11D5CDDBC00AE707D = {
			isa = PBXGroup;
			children = (
				ABE97FFD1D5CDDBC00AE707D /* PerformanceTests */,
				ABE980091D5CDDBC00AE707D /* PerformanceTestsTests */,
				ABE97FFC1D5CDDBC00AE707D /* Products */,
			);
			sourceTree = "<group>";
		};
		ABE97FFC1D5CDDBC00AE707D /* Products */ = {
			isa = PBXGroup;
			children = (
				ABE97FFB1D5CDDBC00AE707D /* PerformanceTests.framework */,
				ABE980051D5CDDBC00AE707D /* PerformanceTestsTests.xctest */,
			);
			name = Products;
			sourceTree = "<group>";
		};
		ABE97FFD1D5CDDBC00AE707D /* PerformanceTests */ = {
			isa = PBXGroup;
			children = (
				ABE980001D5CDDBC00AE707D /* Info.plist */,
				ABE97FFE1D5CDDBC00AE707D /* PerformanceTests.h */,
				ABE980151D5CDDF500AE707D /* LinearTimeStringBuilder.swift */,
				ABF281191D5DDCE500E8F6DA /* NLogNTimeStringBuilder.swift */,
			);
			path = PerformanceTests;
			sourceTree = "<group>";
		};
		ABE980091D5CDDBC00AE707D /* PerformanceTestsTests */ = {
			isa = PBXGroup;
			children = (
				ABE9800C1D5CDDBC00AE707D /* Info.plist */,
				ABE9800A1D5CDDBC00AE707D /* Tests.swift */,
			);
			path = PerformanceTestsTests;
			sourceTree = "<group>";
		};
/* End PBXGroup section */

/* Begin PBXHeadersBuildPhase section */
		ABE97FF81D5CDDBC00AE707D /* Headers */ = {
			isa = PBXHeadersBuildPhase;
			buildActionMask = 2147483647;
			files = (
				ABE97FFF1D5CDDBC00AE707D /* PerformanceTests.h in Headers */,
			);
			runOnlyForDeploymentPostprocessing = 0;
		};
/* End PBXHeadersBuildPhase section */

/* Begin PBXNativeTarget section */
		ABE97FFA1D5CDDBC00AE707D /* PerformanceTests */ = {
			isa = PBXNativeTarget;
			buildConfigurationList = ABE9800F1D5CDDBC00AE707D /* Build configuration list for PBXNativeTarget "PerformanceTests" */;
			buildPhases = (
				ABE97FF61D5CDDBC00AE707D /* Sources */,
				ABE97FF71D5CDDBC00AE707D /* Frameworks */,
				ABE97FF81D5CDDBC00AE707D /* Headers */,
				ABE97FF91D5CDDBC00AE707D /* Resources */,
			);
			buildRules = (
			);
			dependencies = (
			);
			name = PerformanceTests;
			productName = PerformanceTests;
			productReference = ABE97FFB1D5CDDBC00AE707D /* PerformanceTests.framework */;
			productType = "com.apple.product-type.framework";
		};
		ABE980041D5CDDBC00AE707D /* PerformanceTestsTests */ = {
			isa = PBXNativeTarget;
			buildConfigurationList = ABE980121D5CDDBC00AE707D /* Build configuration list for PBXNativeTarget "PerformanceTestsTests" */;
			buildPhases = (
				ABE980011D5CDDBC00AE707D /* Sources */,
				ABE980021D5CDDBC00AE707D /* Frameworks */,
				ABE980031D5CDDBC00AE707D /* Resources */,
			);
			buildRules = (
			);
			dependencies = (
				ABE980081D5CDDBC00AE707D /* PBXTargetDependency */,
			);
			name = PerformanceTestsTests;
			productName = PerformanceTestsTests;
			productReference = ABE980051D5CDDBC00AE707D /* PerformanceTestsTests.xctest */;
			productType = "com.apple.product-type.bundle.unit-test";
		};
/* End PBXNativeTarget section */

/* Begin PBXProject section */
		ABE97FF21D5CDDBC00AE707D /* Project object */ = {
			isa = PBXProject;
			attributes = {
				LastSwiftUpdateCheck = 0730;
				LastUpgradeCheck = 0800;
				ORGANIZATIONNAME = "Antonio Tanzola";
				TargetAttributes = {
					ABE97FFA1D5CDDBC00AE707D = {
						CreatedOnToolsVersion = 7.3.1;
						LastSwiftMigration = 0800;
					};
					ABE980041D5CDDBC00AE707D = {
						CreatedOnToolsVersion = 7.3.1;
						LastSwiftMigration = 0800;
					};
				};
			};
			buildConfigurationList = ABE97FF51D5CDDBC00AE707D /* Build configuration list for PBXProject "PerformanceTests" */;
			compatibilityVersion = "Xcode 3.2";
			developmentRegion = English;
			hasScannedForEncodings = 0;
			knownRegions = (
				en,
			);
			mainGroup = ABE97FF11D5CDDBC00AE707D;
			productRefGroup = ABE97FFC1D5CDDBC00AE707D /* Products */;
			projectDirPath = "";
			projectRoot = "";
			targets = (
				ABE97FFA1D5CDDBC00AE707D /* PerformanceTests */,
				ABE980041D5CDDBC00AE707D /* PerformanceTestsTests */,
			);
		};
/* End PBXProject section */

/* Begin PBXResourcesBuildPhase section */
		ABE97FF91D5CDDBC00AE707D /* Resources */ = {
			isa = PBXResourcesBuildPhase;
			buildActionMask = 2147483647;
			files = (
			);
			runOnlyForDeploymentPostprocessing = 0;
		};
		ABE980031D5CDDBC00AE707D /* Resources */ = {
			isa = PBXResourcesBuildPhase;
			buildActionMask = 2147483647;
			files = (
			);
			runOnlyForDeploymentPostprocessing = 0;
		};
/* End PBXResourcesBuildPhase section */

/* Begin PBXSourcesBuildPhase section */
		ABE97FF61D5CDDBC00AE707D /* Sources */ = {
			isa = PBXSourcesBuildPhase;
			buildActionMask = 2147483647;
			files = (
				ABF2811A1D5DDCE500E8F6DA /* NLogNTimeStringBuilder.swift in Sources */,
				ABE980161D5CDDF500AE707D /* LinearTimeStringBuilder.swift in Sources */,
			);
			runOnlyForDeploymentPostprocessing = 0;
		};
		ABE980011D5CDDBC00AE707D /* Sources */ = {
			isa = PBXSourcesBuildPhase;
			buildActionMask = 2147483647;
			files = (
				ABE9800B1D5CDDBC00AE707D /* Tests.swift in Sources */,
			);
			runOnlyForDeploymentPostprocessing = 0;
		};
/* End PBXSourcesBuildPhase section */

/* Begin PBXTargetDependency section */
		ABE980081D5CDDBC00AE707D /* PBXTargetDependency */ = {
			isa = PBXTargetDependency;
			target = ABE97FFA1D5CDDBC00AE707D /* PerformanceTests */;
			targetProxy = ABE980071D5CDDBC00AE707D /* PBXContainerItemProxy */;
		};
/* End PBXTargetDependency section */

/* Begin XCBuildConfiguration section */
		ABE9800D1D5CDDBC00AE707D /* Debug */ = {
			isa = XCBuildConfiguration;
			buildSettings = {
				ALWAYS_SEARCH_USER_PATHS = NO;
				CLANG_ANALYZER_NONNULL = YES;
				CLANG_CXX_LANGUAGE_STANDARD = "gnu++0x";
				CLANG_CXX_LIBRARY = "libc++";
				CLANG_ENABLE_MODULES = YES;
				CLANG_ENABLE_OBJC_ARC = YES;
				CLANG_WARN_BOOL_CONVERSION = YES;
				CLANG_WARN_CONSTANT_CONVERSION = YES;
				CLANG_WARN_DIRECT_OBJC_ISA_USAGE = YES_ERROR;
				CLANG_WARN_EMPTY_BODY = YES;
				CLANG_WARN_ENUM_CONVERSION = YES;
				CLANG_WARN_INFINITE_RECURSION = YES;
				CLANG_WARN_INT_CONVERSION = YES;
				CLANG_WARN_OBJC_ROOT_CLASS = YES_ERROR;
				CLANG_WARN_SUSPICIOUS_MOVE = YES;
				CLANG_WARN_UNREACHABLE_CODE = YES;
				CLANG_WARN__DUPLICATE_METHOD_MATCH = YES;
				"CODE_SIGN_IDENTITY[sdk=iphoneos*]" = "iPhone Developer";
				COPY_PHASE_STRIP = NO;
				CURRENT_PROJECT_VERSION = 1;
				DEBUG_INFORMATION_FORMAT = dwarf;
				ENABLE_STRICT_OBJC_MSGSEND = YES;
				ENABLE_TESTABILITY = YES;
				GCC_C_LANGUAGE_STANDARD = gnu99;
				GCC_DYNAMIC_NO_PIC = NO;
				GCC_NO_COMMON_BLOCKS = YES;
				GCC_OPTIMIZATION_LEVEL = 0;
				GCC_PREPROCESSOR_DEFINITIONS = (
					"DEBUG=1",
					"$(inherited)",
				);
				GCC_WARN_64_TO_32_BIT_CONVERSION = YES;
				GCC_WARN_ABOUT_RETURN_TYPE = YES_ERROR;
				GCC_WARN_UNDECLARED_SELECTOR = YES;
				GCC_WARN_UNINITIALIZED_AUTOS = YES_AGGRESSIVE;
				GCC_WARN_UNUSED_FUNCTION = YES;
				GCC_WARN_UNUSED_VARIABLE = YES;
				IPHONEOS_DEPLOYMENT_TARGET = 9.3;
				MTL_ENABLE_DEBUG_INFO = YES;
				ONLY_ACTIVE_ARCH = YES;
				SDKROOT = iphoneos;
				SWIFT_OPTIMIZATION_LEVEL = "-Onone";
				TARGETED_DEVICE_FAMILY = "1,2";
				VERSIONING_SYSTEM = "apple-generic";
				VERSION_INFO_PREFIX = "";
			};
			name = Debug;
		};
		ABE9800E1D5CDDBC00AE707D /* Release */ = {
			isa = XCBuildConfiguration;
			buildSettings = {
				ALWAYS_SEARCH_USER_PATHS = NO;
				CLANG_ANALYZER_NONNULL = YES;
				CLANG_CXX_LANGUAGE_STANDARD = "gnu++0x";
				CLANG_CXX_LIBRARY = "libc++";
				CLANG_ENABLE_MODULES = YES;
				CLANG_ENABLE_OBJC_ARC = YES;
				CLANG_WARN_BOOL_CONVERSION = YES;
				CLANG_WARN_CONSTANT_CONVERSION = YES;
				CLANG_WARN_DIRECT_OBJC_ISA_USAGE = YES_ERROR;
				CLANG_WARN_EMPTY_BODY = YES;
				CLANG_WARN_ENUM_CONVERSION = YES;
				CLANG_WARN_INFINITE_RECURSION = YES;
				CLANG_WARN_INT_CONVERSION = YES;
				CLANG_WARN_OBJC_ROOT_CLASS = YES_ERROR;
				CLANG_WARN_SUSPICIOUS_MOVE = YES;
				CLANG_WARN_UNREACHABLE_CODE = YES;
				CLANG_WARN__DUPLICATE_METHOD_MATCH = YES;
				"CODE_SIGN_IDENTITY[sdk=iphoneos*]" = "iPhone Developer";
				COPY_PHASE_STRIP = NO;
				CURRENT_PROJECT_VERSION = 1;
				DEBUG_INFORMATION_FORMAT = "dwarf-with-dsym";
				ENABLE_NS_ASSERTIONS = NO;
				ENABLE_STRICT_OBJC_MSGSEND = YES;
				GCC_C_LANGUAGE_STANDARD = gnu99;
				GCC_NO_COMMON_BLOCKS = YES;
				GCC_WARN_64_TO_32_BIT_CONVERSION = YES;
				GCC_WARN_ABOUT_RETURN_TYPE = YES_ERROR;
				GCC_WARN_UNDECLARED_SELECTOR = YES;
				GCC_WARN_UNINITIALIZED_AUTOS = YES_AGGRESSIVE;
				GCC_WARN_UNUSED_FUNCTION = YES;
				GCC_WARN_UNUSED_VARIABLE = YES;
				IPHONEOS_DEPLOYMENT_TARGET = 9.3;
				MTL_ENABLE_DEBUG_INFO = NO;
				SDKROOT = iphoneos;
				TARGETED_DEVICE_FAMILY = "1,2";
				VALIDATE_PRODUCT = YES;
				VERSIONING_SYSTEM = "apple-generic";
				VERSION_INFO_PREFIX = "";
			};
			name = Release;
		};
		ABE980101D5CDDBC00AE707D /* Debug */ = {
			isa = XCBuildConfiguration;
			buildSettings = {
				CLANG_ENABLE_MODULES = YES;
				"CODE_SIGN_IDENTITY[sdk=iphoneos*]" = "";
				DEFINES_MODULE = YES;
				DYLIB_COMPATIBILITY_VERSION = 1;
				DYLIB_CURRENT_VERSION = 1;
				DYLIB_INSTALL_NAME_BASE = "@rpath";
				INFOPLIST_FILE = PerformanceTests/Info.plist;
				INSTALL_PATH = "$(LOCAL_LIBRARY_DIR)/Frameworks";
				LD_RUNPATH_SEARCH_PATHS = "$(inherited) @executable_path/Frameworks @loader_path/Frameworks";
				PRODUCT_BUNDLE_IDENTIFIER = com.antoniotanzola.PerformanceTests;
				PRODUCT_NAME = "$(TARGET_NAME)";
				SKIP_INSTALL = YES;
				SWIFT_OPTIMIZATION_LEVEL = "-Onone";
				SWIFT_VERSION = 3.0;
			};
			name = Debug;
		};
		ABE980111D5CDDBC00AE707D /* Release */ = {
			isa = XCBuildConfiguration;
			buildSettings = {
				CLANG_ENABLE_MODULES = YES;
				"CODE_SIGN_IDENTITY[sdk=iphoneos*]" = "";
				DEFINES_MODULE = YES;
				DYLIB_COMPATIBILITY_VERSION = 1;
				DYLIB_CURRENT_VERSION = 1;
				DYLIB_INSTALL_NAME_BASE = "@rpath";
				INFOPLIST_FILE = PerformanceTests/Info.plist;
				INSTALL_PATH = "$(LOCAL_LIBRARY_DIR)/Frameworks";
				LD_RUNPATH_SEARCH_PATHS = "$(inherited) @executable_path/Frameworks @loader_path/Frameworks";
				PRODUCT_BUNDLE_IDENTIFIER = com.antoniotanzola.PerformanceTests;
				PRODUCT_NAME = "$(TARGET_NAME)";
				SKIP_INSTALL = YES;
				SWIFT_OPTIMIZATION_LEVEL = "-Owholemodule";
				SWIFT_VERSION = 3.0;
			};
			name = Release;
		};
		ABE980131D5CDDBC00AE707D /* Debug */ = {
			isa = XCBuildConfiguration;
			buildSettings = {
				INFOPLIST_FILE = PerformanceTestsTests/Info.plist;
				LD_RUNPATH_SEARCH_PATHS = "$(inherited) @executable_path/Frameworks @loader_path/Frameworks";
				PRODUCT_BUNDLE_IDENTIFIER = com.antoniotanzola.PerformanceTestsTests;
				PRODUCT_NAME = "$(TARGET_NAME)";
				SWIFT_VERSION = 3.0;
			};
			name = Debug;
		};
		ABE980141D5CDDBC00AE707D /* Release */ = {
			isa = XCBuildConfiguration;
			buildSettings = {
				INFOPLIST_FILE = PerformanceTestsTests/Info.plist;
				LD_RUNPATH_SEARCH_PATHS = "$(inherited) @executable_path/Frameworks @loader_path/Frameworks";
				PRODUCT_BUNDLE_IDENTIFIER = com.antoniotanzola.PerformanceTestsTests;
				PRODUCT_NAME = "$(TARGET_NAME)";
				SWIFT_OPTIMIZATION_LEVEL = "-Owholemodule";
				SWIFT_VERSION = 3.0;
			};
			name = Release;
		};
/* End XCBuildConfiguration section */

/* Begin XCConfigurationList section */
		ABE97FF51D5CDDBC00AE707D /* Build configuration list for PBXProject "PerformanceTests" */ = {
			isa = XCConfigurationList;
			buildConfigurations = (
				ABE9800D1D5CDDBC00AE707D /* Debug */,
				ABE9800E1D5CDDBC00AE707D /* Release */,
			);
			defaultConfigurationIsVisible = 0;
			defaultConfigurationName = Release;
		};
		ABE9800F1D5CDDBC00AE707D /* Build configuration list for PBXNativeTarget "PerformanceTests" */ = {
			isa = XCConfigurationList;
			buildConfigurations = (
				ABE980101D5CDDBC00AE707D /* Debug */,
				ABE980111D5CDDBC00AE707D /* Release */,
			);
			defaultConfigurationIsVisible = 0;
			defaultConfigurationName = Release;
		};
		ABE980121D5CDDBC00AE707D /* Build configuration list for PBXNativeTarget "PerformanceTestsTests" */ = {
			isa = XCConfigurationList;
			buildConfigurations = (
				ABE980131D5CDDBC00AE707D /* Debug */,
				ABE980141D5CDDBC00AE707D /* Release */,
			);
			defaultConfigurationIsVisible = 0;
			defaultConfigurationName = Release;
		};
/* End XCConfigurationList section */
	};
	rootObject = ABE97FF21D5CDDBC00AE707D /* Project object */;
}
